dependencies:
- name: redis
  repository: https://groundhog2k.github.io/helm-charts/
  version: 2.0.2
- name: psa-restricted-patcher
  repository: https://bryopsida.github.io/psa-restricted-patcher/
  version: 0.10.1
digest: sha256:9647262f1083afb1d7848ce7cae200982ac286f8f7ae78e5b4da2e3e1e3ffa20
generated: "2025-05-31T15:03:05.077159967Z"
