dependencies:
- name: redis
  repository: https://groundhog2k.github.io/helm-charts/
  version: 2.4.8
- name: psa-restricted-patcher
  repository: https://bryopsida.github.io/psa-restricted-patcher/
  version: 0.10.1
digest: sha256:1dea8a6b3d0b701fc7094cdbece1db995b7ccfff1b87840cda1a0bc5d44192b5
generated: "2026-09-24T23:53:49.347049037Z"
