dependencies:
- name: redis
  repository: https://groundhog2k.github.io/helm-charts/
  version: 2.0.0
- name: psa-restricted-patcher
  repository: https://bryopsida.github.io/psa-restricted-patcher/
  version: 0.10.1
digest: sha256:0239887fa04d3f78330a7d7cd66b63422e9da9348f193a932367a4295265a773
generated: "2025-05-09T09:32:16.255220734Z"
